// !$*UTF8*$!
{
	archiveVersion = 1;
	classes = {
	};
	objectVersion = 60;
	objects = {

/* Begin PBXBuildFile section */
		A25117732CB6ACB200E1139A /* AI_Chat_DemoApp.swift in Sources */ = {isa = PBXBuildFile; fileRef = A25117722CB6ACB200E1139A /* AI_Chat_DemoApp.swift */; };
		A25117752CB6ACB200E1139A /* ContentView.swift in Sources */ = {isa = PBXBuildFile; fileRef = A25117742CB6ACB200E1139A /* ContentView.swift */; };
		A25117772CB6ACB300E1139A /* Assets.xcassets in Resources */ = {isa = PBXBuildFile; fileRef = A25117762CB6ACB300E1139A /* Assets.xcassets */; };
		A251177A2CB6ACB300E1139A /* Preview Assets.xcassets in Resources */ = {isa = PBXBuildFile; fileRef = A25117792CB6ACB300E1139A /* Preview Assets.xcassets */; };
		A25117832CB6AE3300E1139A /* ChatViewModel.swift in Sources */ = {isa = PBXBuildFile; fileRef = A25117822CB6AE2E00E1139A /* ChatViewModel.swift */; };
		A25117852CB6AE4600E1139A /* Message.swift in Sources */ = {isa = PBXBuildFile; fileRef = A25117842CB6AE4300E1139A /* Message.swift */; };
		A25117872CB6AE5100E1139A /* MessageView.swift in Sources */ = {isa = PBXBuildFile; fileRef = A25117862CB6AE4C00E1139A /* MessageView.swift */; };
		A25117892CB6AE5E00E1139A /* SecretsManager.swift in Sources */ = {isa = PBXBuildFile; fileRef = A25117882CB6AE5900E1139A /* SecretsManager.swift */; };
		A251178D2CB6AE8000E1139A /* Secrets.plist in Resources */ = {isa = PBXBuildFile; fileRef = A251178C2CB6AE7B00E1139A /* Secrets.plist */; };
/* End PBXBuildFile section */

/* Begin PBXFileReference section */
		A251176F2CB6ACB200E1139A /* AI Chat Demo.app */ = {isa = PBXFileReference; explicitFileType = wrapper.application; includeInIndex = 0; path = "AI Chat Demo.app"; sourceTree = BUILT_PRODUCTS_DIR; };
		A25117722CB6ACB200E1139A /* AI_Chat_DemoApp.swift */ = {isa = PBXFileReference; lastKnownFileType = sourcecode.swift; path = AI_Chat_DemoApp.swift; sourceTree = "<group>"; };
		A25117742CB6ACB200E1139A /* ContentView.swift */ = {isa = PBXFileReference; lastKnownFileType = sourcecode.swift; path = ContentView.swift; sourceTree = "<group>"; };
		A25117762CB6ACB300E1139A /* Assets.xcassets */ = {isa = PBXFileReference; lastKnownFileType = folder.assetcatalog; path = Assets.xcassets; sourceTree = "<group>"; };
		A25117792CB6ACB300E1139A /* Preview Assets.xcassets */ = {isa = PBXFileReference; lastKnownFileType = folder.assetcatalog; path = "Preview Assets.xcassets"; sourceTree = "<group>"; };
		A25117822CB6AE2E00E1139A /* ChatViewModel.swift */ = {isa = PBXFileReference; lastKnownFileType = sourcecode.swift; path = ChatViewModel.swift; sourceTree = "<group>"; };
		A25117842CB6AE4300E1139A /* Message.swift */ = {isa = PBXFileReference; lastKnownFileType = sourcecode.swift; path = Message.swift; sourceTree = "<group>"; };
		A25117862CB6AE4C00E1139A /* MessageView.swift */ = {isa = PBXFileReference; lastKnownFileType = sourcecode.swift; path = MessageView.swift; sourceTree = "<group>"; };
		A25117882CB6AE5900E1139A /* SecretsManager.swift */ = {isa = PBXFileReference; lastKnownFileType = sourcecode.swift; path = SecretsManager.swift; sourceTree = "<group>"; };
		A251178C2CB6AE7B00E1139A /* Secrets.plist */ = {isa = PBXFileReference; lastKnownFileType = text.plist; path = Secrets.plist; sourceTree = "<group>"; };
/* End PBXFileReference section */

/* Begin PBXFrameworksBuildPhase section */
		A251176C2CB6ACB200E1139A /* Frameworks */ = {
			isa = PBXFrameworksBuildPhase;
			buildActionMask = 2147483647;
			files = (
			);
			runOnlyForDeploymentPostprocessing = 0;
		};
/* End PBXFrameworksBuildPhase section */

/* Begin PBXGroup section */
		A25117662CB6ACB200E1139A = {
			isa = PBXGroup;
			children = (
				A25117712CB6ACB200E1139A /* AI Chat Demo */,
				A25117702CB6ACB200E1139A /* Products */,
			);
			sourceTree = "<group>";
		};
		A25117702CB6ACB200E1139A /* Products */ = {
			isa = PBXGroup;
			children = (
				A251176F2CB6ACB200E1139A /* AI Chat Demo.app */,
			);
			name = Products;
			sourceTree = "<group>";
		};
		A25117712CB6ACB200E1139A /* AI Chat Demo */ = {
			isa = PBXGroup;
			children = (
				A251178C2CB6AE7B00E1139A /* Secrets.plist */,
				A25117882CB6AE5900E1139A /* SecretsManager.swift */,
				A25117862CB6AE4C00E1139A /* MessageView.swift */,
				A25117842CB6AE4300E1139A /* Message.swift */,
				A25117822CB6AE2E00E1139A /* ChatViewModel.swift */,
				A25117722CB6ACB200E1139A /* AI_Chat_DemoApp.swift */,
				A25117742CB6ACB200E1139A /* ContentView.swift */,
				A25117762CB6ACB300E1139A /* Assets.xcassets */,
				A25117782CB6ACB300E1139A /* Preview Content */,
			);
			path = "AI Chat Demo";
			sourceTree = "<group>";
		};
		A25117782CB6ACB300E1139A /* Preview Content */ = {
			isa = PBXGroup;
			children = (
				A25117792CB6ACB300E1139A /* Preview Assets.xcassets */,
			);
			path = "Preview Content";
			sourceTree = "<group>";
		};
/* End PBXGroup section */

/* Begin PBXNativeTarget section */
		A251176E2CB6ACB200E1139A /* AI Chat Demo */ = {
			isa = PBXNativeTarget;
			buildConfigurationList = A251177D2CB6ACB300E1139A /* Build configuration list for PBXNativeTarget "AI Chat Demo" */;
			buildPhases = (
				A251176B2CB6ACB200E1139A /* Sources */,
				A251176C2CB6ACB200E1139A /* Frameworks */,
				A251176D2CB6ACB200E1139A /* Resources */,
			);
			buildRules = (
			);
			dependencies = (
			);
			name = "AI Chat Demo";
			productName = "AI Chat Demo";
			productReference = A251176F2CB6ACB200E1139A /* AI Chat Demo.app */;
			productType = "com.apple.product-type.application";
		};
/* End PBXNativeTarget section */

/* Begin PBXProject section */
		A25117672CB6ACB200E1139A /* Project object */ = {
			isa = PBXProject;
			attributes = {
				BuildIndependentTargetsInParallel = 1;
				LastSwiftUpdateCheck = 1600;
				LastUpgradeCheck = 1600;
				TargetAttributes = {
					A251176E2CB6ACB200E1139A = {
						CreatedOnToolsVersion = 16.0;
					};
				};
			};
			buildConfigurationList = A251176A2CB6ACB200E1139A /* Build configuration list for PBXProject "AI Chat Demo" */;
			compatibilityVersion = "Xcode 15.0";
			developmentRegion = en;
			hasScannedForEncodings = 0;
			knownRegions = (
				en,
				Base,
			);
			mainGroup = A25117662CB6ACB200E1139A;
			productRefGroup = A25117702CB6ACB200E1139A /* Products */;
			projectDirPath = "";
			projectRoot = "";
			targets = (
				A251176E2CB6ACB200E1139A /* AI Chat Demo */,
			);
		};
/* End PBXProject section */

/* Begin PBXResourcesBuildPhase section */
		A251176D2CB6ACB200E1139A /* Resources */ = {
			isa = PBXResourcesBuildPhase;
			buildActionMask = 2147483647;
			files = (
				A251178D2CB6AE8000E1139A /* Secrets.plist in Resources */,
				A251177A2CB6ACB300E1139A /* Preview Assets.xcassets in Resources */,
				A25117772CB6ACB300E1139A /* Assets.xcassets in Resources */,
			);
			runOnlyForDeploymentPostprocessing = 0;
		};
/* End PBXResourcesBuildPhase section */

/* Begin PBXSourcesBuildPhase section */
		A251176B2CB6ACB200E1139A /* Sources */ = {
			isa = PBXSourcesBuildPhase;
			buildActionMask = 2147483647;
			files = (
				A25117752CB6ACB200E1139A /* ContentView.swift in Sources */,
				A25117852CB6AE4600E1139A /* Message.swift in Sources */,
				A25117832CB6AE3300E1139A /* ChatViewModel.swift in Sources */,
				A25117892CB6AE5E00E1139A /* SecretsManager.swift in Sources */,
				A25117732CB6ACB200E1139A /* AI_Chat_DemoApp.swift in Sources */,
				A25117872CB6AE5100E1139A /* MessageView.swift in Sources */,
			);
			runOnlyForDeploymentPostprocessing = 0;
		};
/* End PBXSourcesBuildPhase section */

/* Begin XCBuildConfiguration section */
		A251177B2CB6ACB300E1139A /* Debug */ = {
			isa = XCBuildConfiguration;
			buildSettings = {
				ALWAYS_SEARCH_USER_PATHS = NO;
				ASSETCATALOG_COMPILER_GENERATE_SWIFT_ASSET_SYMBOL_EXTENSIONS = YES;
				CLANG_ANALYZER_NONNULL = YES;
				CLANG_ANALYZER_NUMBER_OBJECT_CONVERSION = YES_AGGRESSIVE;
				CLANG_CXX_LANGUAGE_STANDARD = "gnu++20";
				CLANG_ENABLE_MODULES = YES;
				CLANG_ENABLE_OBJC_ARC = YES;
				CLANG_ENABLE_OBJC_WEAK = YES;
				CLANG_WARN_BLOCK_CAPTURE_AUTORELEASING = YES;
				CLANG_WARN_BOOL_CONVERSION = YES;
				CLANG_WARN_COMMA = YES;
				CLANG_WARN_CONSTANT_CONVERSION = YES;
				CLANG_WARN_DEPRECATED_OBJC_IMPLEMENTATIONS = YES;
				CLANG_WARN_DIRECT_OBJC_ISA_USAGE = YES_ERROR;
				CLANG_WARN_DOCUMENTATION_COMMENTS = YES;
				CLANG_WARN_EMPTY_BODY = YES;
				CLANG_WARN_ENUM_CONVERSION = YES;
				CLANG_WARN_INFINITE_RECURSION = YES;
				CLANG_WARN_INT_CONVERSION = YES;
				CLANG_WARN_NON_LITERAL_NULL_CONVERSION = YES;
				CLANG_WARN_OBJC_IMPLICIT_RETAIN_SELF = YES;
				CLANG_WARN_OBJC_LITERAL_CONVERSION = YES;
				CLANG_WARN_OBJC_ROOT_CLASS = YES_ERROR;
				CLANG_WARN_QUOTED_INCLUDE_IN_FRAMEWORK_HEADER = YES;
				CLANG_WARN_RANGE_LOOP_ANALYSIS = YES;
				CLANG_WARN_STRICT_PROTOTYPES = YES;
				CLANG_WARN_SUSPICIOUS_MOVE = YES;
				CLANG_WARN_UNGUARDED_AVAILABILITY = YES_AGGRESSIVE;
				CLANG_WARN_UNREACHABLE_CODE = YES;
				CLANG_WARN__DUPLICATE_METHOD_MATCH = YES;
				COPY_PHASE_STRIP = NO;
				DEBUG_INFORMATION_FORMAT = dwarf;
				ENABLE_STRICT_OBJC_MSGSEND = YES;
				ENABLE_TESTABILITY = YES;
				ENABLE_USER_SCRIPT_SANDBOXING = YES;
				GCC_C_LANGUAGE_STANDARD = gnu17;
				GCC_DYNAMIC_NO_PIC = NO;
				GCC_NO_COMMON_BLOCKS = YES;
				GCC_OPTIMIZATION_LEVEL = 0;
				GCC_PREPROCESSOR_DEFINITIONS = (
					"DEBUG=1",
					"$(inherited)",
				);
				GCC_WARN_64_TO_32_BIT_CONVERSION = YES;
				GCC_WARN_ABOUT_RETURN_TYPE = YES_ERROR;
				GCC_WARN_UNDECLARED_SELECTOR = YES;
				GCC_WARN_UNINITIALIZED_AUTOS = YES_AGGRESSIVE;
				GCC_WARN_UNUSED_FUNCTION = YES;
				GCC_WARN_UNUSED_VARIABLE = YES;
				IPHONEOS_DEPLOYMENT_TARGET = 18.0;
				LOCALIZATION_PREFERS_STRING_CATALOGS = YES;
				MTL_ENABLE_DEBUG_INFO = INCLUDE_SOURCE;
				MTL_FAST_MATH = YES;
				ONLY_ACTIVE_ARCH = YES;
				SDKROOT = iphoneos;
				SWIFT_ACTIVE_COMPILATION_CONDITIONS = "DEBUG $(inherited)";
				SWIFT_OPTIMIZATION_LEVEL = "-Onone";
			};
			name = Debug;
		};
		A251177C2CB6ACB300E1139A /* Release */ = {
			isa = XCBuildConfiguration;
			buildSettings = {
				ALWAYS_SEARCH_USER_PATHS = NO;
				ASSETCATALOG_COMPILER_GENERATE_SWIFT_ASSET_SYMBOL_EXTENSIONS = YES;
				CLANG_ANALYZER_NONNULL = YES;
				CLANG_ANALYZER_NUMBER_OBJECT_CONVERSION = YES_AGGRESSIVE;
				CLANG_CXX_LANGUAGE_STANDARD = "gnu++20";
				CLANG_ENABLE_MODULES = YES;
				CLANG_ENABLE_OBJC_ARC = YES;
				CLANG_ENABLE_OBJC_WEAK = YES;
				CLANG_WARN_BLOCK_CAPTURE_AUTORELEASING = YES;
				CLANG_WARN_BOOL_CONVERSION = YES;
				CLANG_WARN_COMMA = YES;
				CLANG_WARN_CONSTANT_CONVERSION = YES;
				CLANG_WARN_DEPRECATED_OBJC_IMPLEMENTATIONS = YES;
				CLANG_WARN_DIRECT_OBJC_ISA_USAGE = YES_ERROR;
				CLANG_WARN_DOCUMENTATION_COMMENTS = YES;
				CLANG_WARN_EMPTY_BODY = YES;
				CLANG_WARN_ENUM_CONVERSION = YES;
				CLANG_WARN_INFINITE_RECURSION = YES;
				CLANG_WARN_INT_CONVERSION = YES;
				CLANG_WARN_NON_LITERAL_NULL_CONVERSION = YES;
				CLANG_WARN_OBJC_IMPLICIT_RETAIN_SELF = YES;
				CLANG_WARN_OBJC_LITERAL_CONVERSION = YES;
				CLANG_WARN_OBJC_ROOT_CLASS = YES_ERROR;
				CLANG_WARN_QUOTED_INCLUDE_IN_FRAMEWORK_HEADER = YES;
				CLANG_WARN_RANGE_LOOP_ANALYSIS = YES;
				CLANG_WARN_STRICT_PROTOTYPES = YES;
				CLANG_WARN_SUSPICIOUS_MOVE = YES;
				CLANG_WARN_UNGUARDED_AVAILABILITY = YES_AGGRESSIVE;
				CLANG_WARN_UNREACHABLE_CODE = YES;
				CLANG_WARN__DUPLICATE_METHOD_MATCH = YES;
				COPY_PHASE_STRIP = NO;
				DEBUG_INFORMATION_FORMAT = "dwarf-with-dsym";
				ENABLE_NS_ASSERTIONS = NO;
				ENABLE_STRICT_OBJC_MSGSEND = YES;
				ENABLE_USER_SCRIPT_SANDBOXING = YES;
				GCC_C_LANGUAGE_STANDARD = gnu17;
				GCC_NO_COMMON_BLOCKS = YES;
				GCC_WARN_64_TO_32_BIT_CONVERSION = YES;
				GCC_WARN_ABOUT_RETURN_TYPE = YES_ERROR;
				GCC_WARN_UNDECLARED_SELECTOR = YES;
				GCC_WARN_UNINITIALIZED_AUTOS = YES_AGGRESSIVE;
				GCC_WARN_UNUSED_FUNCTION = YES;
				GCC_WARN_UNUSED_VARIABLE = YES;
				IPHONEOS_DEPLOYMENT_TARGET = 18.0;
				LOCALIZATION_PREFERS_STRING_CATALOGS = YES;
				MTL_ENABLE_DEBUG_INFO = NO;
				MTL_FAST_MATH = YES;
				SDKROOT = iphoneos;
				SWIFT_COMPILATION_MODE = wholemodule;
				VALIDATE_PRODUCT = YES;
			};
			name = Release;
		};
		A251177E2CB6ACB300E1139A /* Debug */ = {
			isa = XCBuildConfiguration;
			buildSettings = {
				ASSETCATALOG_COMPILER_APPICON_NAME = AppIcon;
				ASSETCATALOG_COMPILER_GLOBAL_ACCENT_COLOR_NAME = AccentColor;
				CODE_SIGN_STYLE = Automatic;
				CURRENT_PROJECT_VERSION = 1;
				DEVELOPMENT_ASSET_PATHS = "\"AI Chat Demo/Preview Content\"";
				DEVELOPMENT_TEAM = QHFBWJ62GY;
				ENABLE_PREVIEWS = YES;
				GENERATE_INFOPLIST_FILE = YES;
				INFOPLIST_KEY_UIApplicationSceneManifest_Generation = YES;
				INFOPLIST_KEY_UIApplicationSupportsIndirectInputEvents = YES;
				INFOPLIST_KEY_UILaunchScreen_Generation = YES;
				INFOPLIST_KEY_UISupportedInterfaceOrientations_iPad = "UIInterfaceOrientationPortrait UIInterfaceOrientationPortraitUpsideDown UIInterfaceOrientationLandscapeLeft UIInterfaceOrientationLandscapeRight";
				INFOPLIST_KEY_UISupportedInterfaceOrientations_iPhone = "UIInterfaceOrientationPortrait UIInterfaceOrientationLandscapeLeft UIInterfaceOrientationLandscapeRight";
				LD_RUNPATH_SEARCH_PATHS = (
					"$(inherited)",
					"@executable_path/Frameworks",
				);
				MARKETING_VERSION = 1.0;
				PRODUCT_BUNDLE_IDENTIFIER = "ZigaoWang.AI-Chat-Demo";
				PRODUCT_NAME = "$(TARGET_NAME)";
				SWIFT_EMIT_LOC_STRINGS = YES;
				SWIFT_VERSION = 5.0;
				TARGETED_DEVICE_FAMILY = "1,2";
			};
			name = Debug;
		};
		A251177F2CB6ACB300E1139A /* Release */ = {
			isa = XCBuildConfiguration;
			buildSettings = {
				ASSETCATALOG_COMPILER_APPICON_NAME = AppIcon;
				ASSETCATALOG_COMPILER_GLOBAL_ACCENT_COLOR_NAME = AccentColor;
				CODE_SIGN_STYLE = Automatic;
				CURRENT_PROJECT_VERSION = 1;
				DEVELOPMENT_ASSET_PATHS = "\"AI Chat Demo/Preview Content\"";
				DEVELOPMENT_TEAM = QHFBWJ62GY;
				ENABLE_PREVIEWS = YES;
				GENERATE_INFOPLIST_FILE = YES;
				INFOPLIST_KEY_UIApplicationSceneManifest_Generation = YES;
				INFOPLIST_KEY_UIApplicationSupportsIndirectInputEvents = YES;
				INFOPLIST_KEY_UILaunchScreen_Generation = YES;
				INFOPLIST_KEY_UISupportedInterfaceOrientations_iPad = "UIInterfaceOrientationPortrait UIInterfaceOrientationPortraitUpsideDown UIInterfaceOrientationLandscapeLeft UIInterfaceOrientationLandscapeRight";
				INFOPLIST_KEY_UISupportedInterfaceOrientations_iPhone = "UIInterfaceOrientationPortrait UIInterfaceOrientationLandscapeLeft UIInterfaceOrientationLandscapeRight";
				LD_RUNPATH_SEARCH_PATHS = (
					"$(inherited)",
					"@executable_path/Frameworks",
				);
				MARKETING_VERSION = 1.0;
				PRODUCT_BUNDLE_IDENTIFIER = "ZigaoWang.AI-Chat-Demo";
				PRODUCT_NAME = "$(TARGET_NAME)";
				SWIFT_EMIT_LOC_STRINGS = YES;
				SWIFT_VERSION = 5.0;
				TARGETED_DEVICE_FAMILY = "1,2";
			};
			name = Release;
		};
/* End XCBuildConfiguration section */

/* Begin XCConfigurationList section */
		A251176A2CB6ACB200E1139A /* Build configuration list for PBXProject "AI Chat Demo" */ = {
			isa = XCConfigurationList;
			buildConfigurations = (
				A251177B2CB6ACB300E1139A /* Debug */,
				A251177C2CB6ACB300E1139A /* Release */,
			);
			defaultConfigurationIsVisible = 0;
			defaultConfigurationName = Release;
		};
		A251177D2CB6ACB300E1139A /* Build configuration list for PBXNativeTarget "AI Chat Demo" */ = {
			isa = XCConfigurationList;
			buildConfigurations = (
				A251177E2CB6ACB300E1139A /* Debug */,
				A251177F2CB6ACB300E1139A /* Release */,
			);
			defaultConfigurationIsVisible = 0;
			defaultConfigurationName = Release;
		};
/* End XCConfigurationList section */
	};
	rootObject = A25117672CB6ACB200E1139A /* Project object */;
}
